dependencies:
- name: mongodb
  repository: https://charts.bitnami.com/bitnami
  version: 16.5.7
- name: redis
  repository: https://charts.bitnami.com/bitnami
  version: 20.6.2
- name: seaweedfs
  repository: https://seaweedfs.github.io/seaweedfs/helm
  version: 4.0.385
digest: sha256:2bd138b6c52f323d81298f7fc04b36bb6f5a95da6d3cd63ed756e38bbbf31a81
generated: "2026-05-09T12:25:01.053948874+03:00"
